
Microsoft Visual Studio Solution File, Format Version 12.00
# Visual Studio 15
VisualStudioVersion = 15.0.28307.572
MinimumVisualStudioVersion = 10.0.40219.1
Project("{FAE04EC0-301F-11D3-BF4B-00C04F79EFBC}") = "Biblioteca", "Biblioteca\Biblioteca.csproj", "{75E1D893-7BB4-47FF-B114-7C3A7D84A6B6}"
EndProject
Global
	GlobalSection(SolutionConfigurationPlatforms) = preSolution
		Debug|Any CPU = Debug|Any CPU
		Release|Any CPU = Release|Any CPU
	EndGlobalSection
	GlobalSection(ProjectConfigurationPlatforms) = postSolution
		{75E1D893-7BB4-47FF-B114-7C3A7D84A6B6}.Debug|Any CPU.ActiveCfg = Debug|Any CPU
		{75E1D893-7BB4-47FF-B114-7C3A7D84A6B6}.Debug|Any CPU.Build.0 = Debug|Any CPU
		{75E1D893-7BB4-47FF-B114-7C3A7D84A6B6}.Release|Any CPU.ActiveCfg = Release|Any CPU
		{75E1D893-7BB4-47FF-B114-7C3A7D84A6B6}.Release|Any CPU.Build.0 = Release|Any CPU
	EndGlobalSection
	GlobalSection(SolutionProperties) = preSolution
		HideSolutionNode = FALSE
	EndGlobalSection
	GlobalSection(ExtensibilityGlobals) = postSolution
		SolutionGuid = {B5552CB7-2838-4EA8-8528-445FCEF91AD7}
	EndGlobalSection
EndGlobal
